
Microsoft Visual Studio Solution File, Format Version 12.00
# Visual Studio Version 17
VisualStudioVersion = 17.6.33815.320
MinimumVisualStudioVersion = 10.0.40219.1
Project("{9A19103F-16F7-4668-BE54-9A1E7A4F7556}") = "EndpointProviders", "EndpointProviders\EndpointProviders.csproj", "{AB3D911F-BD2F-40AF-BF94-31DF0CCA9E04}"
EndProject
Global
	GlobalSection(SolutionConfigurationPlatforms) = preSolution
		Debug|Any CPU = Debug|Any CPU
		Release|Any CPU = Release|Any CPU
	EndGlobalSection
	GlobalSection(ProjectConfigurationPlatforms) = postSolution
		{AB3D911F-BD2F-40AF-BF94-31DF0CCA9E04}.Debug|Any CPU.ActiveCfg = Debug|Any CPU
		{AB3D911F-BD2F-40AF-BF94-31DF0CCA9E04}.Debug|Any CPU.Build.0 = Debug|Any CPU
		{AB3D911F-BD2F-40AF-BF94-31DF0CCA9E04}.Release|Any CPU.ActiveCfg = Release|Any CPU
		{AB3D911F-BD2F-40AF-BF94-31DF0CCA9E04}.Release|Any CPU.Build.0 = Release|Any CPU
	EndGlobalSection
	GlobalSection(SolutionProperties) = preSolution
		HideSolutionNode = FALSE
	EndGlobalSection
	GlobalSection(ExtensibilityGlobals) = postSolution
		SolutionGuid = {96F025D6-0908-4236-81C6-4079EDEB811C}
	EndGlobalSection
EndGlobal
